
Microsoft Visual Studio Solution File, Format Version 12.00
# Visual Studio Version 16
VisualStudioVersion = 16.0.31605.320
MinimumVisualStudioVersion = 10.0.40219.1
Project("{FAE04EC0-301F-11D3-BF4B-00C04F79EFBC}") = "University.Students.Console", "University.Students.Console\University.Students.Console.csproj", "{0ED1DCF1-188C-4850-B319-FEA413134D7F}"
EndProject
Project("{FAE04EC0-301F-11D3-BF4B-00C04F79EFBC}") = "Univerity.Students.DataLayer", "Univerity.Students.DataLayer\Univerity.Students.DataLayer.csproj", "{17602741-7C7F-4E41-852F-C8356605412F}"
EndProject
Project("{FAE04EC0-301F-11D3-BF4B-00C04F79EFBC}") = "University.Students.Domain", "University.Students.Domain\University.Students.Domain.csproj", "{F051ED8D-3CAC-4C4D-891D-ADFF5D7A5776}"
EndProject
Global
	GlobalSection(SolutionConfigurationPlatforms) = preSolution
		Debug|Any CPU = Debug|Any CPU
		Release|Any CPU = Release|Any CPU
	EndGlobalSection
	GlobalSection(ProjectConfigurationPlatforms) = postSolution
		{0ED1DCF1-188C-4850-B319-FEA413134D7F}.Debug|Any CPU.ActiveCfg = Debug|Any CPU
		{0ED1DCF1-188C-4850-B319-FEA413134D7F}.Debug|Any CPU.Build.0 = Debug|Any CPU
		{0ED1DCF1-188C-4850-B319-FEA413134D7F}.Release|Any CPU.ActiveCfg = Release|Any CPU
		{0ED1DCF1-188C-4850-B319-FEA413134D7F}.Release|Any CPU.Build.0 = Release|Any CPU
		{17602741-7C7F-4E41-852F-C8356605412F}.Debug|Any CPU.ActiveCfg = Debug|Any CPU
		{17602741-7C7F-4E41-852F-C8356605412F}.Debug|Any CPU.Build.0 = Debug|Any CPU
		{17602741-7C7F-4E41-852F-C8356605412F}.Release|Any CPU.ActiveCfg = Release|Any CPU
		{17602741-7C7F-4E41-852F-C8356605412F}.Release|Any CPU.Build.0 = Release|Any CPU
		{F051ED8D-3CAC-4C4D-891D-ADFF5D7A5776}.Debug|Any CPU.ActiveCfg = Debug|Any CPU
		{F051ED8D-3CAC-4C4D-891D-ADFF5D7A5776}.Debug|Any CPU.Build.0 = Debug|Any CPU
		{F051ED8D-3CAC-4C4D-891D-ADFF5D7A5776}.Release|Any CPU.ActiveCfg = Release|Any CPU
		{F051ED8D-3CAC-4C4D-891D-ADFF5D7A5776}.Release|Any CPU.Build.0 = Release|Any CPU
	EndGlobalSection
	GlobalSection(SolutionProperties) = preSolution
		HideSolutionNode = FALSE
	EndGlobalSection
	GlobalSection(ExtensibilityGlobals) = postSolution
		SolutionGuid = {30725DAD-708D-435C-9BEC-B89916A924B7}
	EndGlobalSection
EndGlobal
